// !$*UTF8*$!
{
	archiveVersion = 1;
	classes = {
	};
	objectVersion = 46;
	objects = {

/* Begin PBXBuildFile section */
		0C054CBC1B104C3000B2A6E6 /* DataFormat.mm in Sources */ = {isa = PBXBuildFile; fileRef = 0C054CBB1B104C3000B2A6E6 /* DataFormat.mm */; };
		0C33F9A81B105EC300806839 /* DataProcessor.m in Sources */ = {isa = PBXBuildFile; fileRef = 0C33F9A71B105EC300806839 /* DataProcessor.m */; };
		0C6E8B351B0C9ABB00370728 /* main.m in Sources */ = {isa = PBXBuildFile; fileRef = 0C6E8B341B0C9ABB00370728 /* main.m */; };
		0C6E8B381B0C9ABB00370728 /* AppDelegate.m in Sources */ = {isa = PBXBuildFile; fileRef = 0C6E8B371B0C9ABB00370728 /* AppDelegate.m */; };
		0C6E8B3B1B0C9ABB00370728 /* TransferViewController.m in Sources */ = {isa = PBXBuildFile; fileRef = 0C6E8B3A1B0C9ABB00370728 /* TransferViewController.m */; };
		0C6E8B3E1B0C9ABB00370728 /* Main.storyboard in Resources */ = {isa = PBXBuildFile; fileRef = 0C6E8B3C1B0C9ABB00370728 /* Main.storyboard */; };
		0C6E8B401B0C9ABB00370728 /* Images.xcassets in Resources */ = {isa = PBXBuildFile; fileRef = 0C6E8B3F1B0C9ABB00370728 /* Images.xcassets */; };
		0C6E8B431B0C9ABB00370728 /* LaunchScreen.xib in Resources */ = {isa = PBXBuildFile; fileRef = 0C6E8B411B0C9ABB00370728 /* LaunchScreen.xib */; };
		0C6E8B4F1B0C9ABB00370728 /* iTransferTests.m in Sources */ = {isa = PBXBuildFile; fileRef = 0C6E8B4E1B0C9ABB00370728 /* iTransferTests.m */; };
		0C6E8B5A1B0C9C6C00370728 /* UDPProtocol.mm in Sources */ = {isa = PBXBuildFile; fileRef = 0C6E8B591B0C9C6C00370728 /* UDPProtocol.mm */; };
		0C6E8B5C1B0C9D2100370728 /* CFNetwork.framework in Frameworks */ = {isa = PBXBuildFile; fileRef = 0C6E8B5B1B0C9D2100370728 /* CFNetwork.framework */; };
		0C6E8B5E1B0CA11E00370728 /* CoreFoundation.framework in Frameworks */ = {isa = PBXBuildFile; fileRef = 0C6E8B5D1B0CA11E00370728 /* CoreFoundation.framework */; };
		0CA0FEB91B24608100E3E25D /* Foundation.framework in Frameworks */ = {isa = PBXBuildFile; fileRef = 0CA0FEB81B24608100E3E25D /* Foundation.framework */; };
		0CA0FEBB1B24608B00E3E25D /* UIKit.framework in Frameworks */ = {isa = PBXBuildFile; fileRef = 0CA0FEBA1B24608B00E3E25D /* UIKit.framework */; };
		0CA0FEBD1B24609700E3E25D /* CoreGraphics.framework in Frameworks */ = {isa = PBXBuildFile; fileRef = 0CA0FEBC1B24609700E3E25D /* CoreGraphics.framework */; };
		0CCD6EDD1B106394006E6BA4 /* StatusAsyncManager.m in Sources */ = {isa = PBXBuildFile; fileRef = 0CCD6EDC1B106394006E6BA4 /* StatusAsyncManager.m */; };
		0CCD6EE01B1065C0006E6BA4 /* DataAsyncManager.m in Sources */ = {isa = PBXBuildFile; fileRef = 0CCD6EDF1B1065C0006E6BA4 /* DataAsyncManager.m */; };
		0CCD6EE31B10749F006E6BA4 /* User.m in Sources */ = {isa = PBXBuildFile; fileRef = 0CCD6EE21B10749F006E6BA4 /* User.m */; };
		0CEE6D181B0DE7A2001FD876 /* MainViewController.m in Sources */ = {isa = PBXBuildFile; fileRef = 0CEE6D171B0DE7A2001FD876 /* MainViewController.m */; };
/* End PBXBuildFile section */

/* Begin PBXContainerItemProxy section */
		0C6E8B491B0C9ABB00370728 /* PBXContainerItemProxy */ = {
			isa = PBXContainerItemProxy;
			containerPortal = 0C6E8B271B0C9ABB00370728 /* Project object */;
			proxyType = 1;
			remoteGlobalIDString = 0C6E8B2E1B0C9ABB00370728;
			remoteInfo = iTransfer;
		};
/* End PBXContainerItemProxy section */

/* Begin PBXFileReference section */
		0C054CBA1B104C3000B2A6E6 /* DataFormat.h */ = {isa = PBXFileReference; fileEncoding = 4; lastKnownFileType = sourcecode.c.h; path = DataFormat.h; sourceTree = "<group>"; };
		0C054CBB1B104C3000B2A6E6 /* DataFormat.mm */ = {isa = PBXFileReference; fileEncoding = 4; lastKnownFileType = sourcecode.cpp.objcpp; path = DataFormat.mm; sourceTree = "<group>"; };
		0C33F9A61B105EC300806839 /* DataProcessor.h */ = {isa = PBXFileReference; fileEncoding = 4; lastKnownFileType = sourcecode.c.h; path = DataProcessor.h; sourceTree = "<group>"; };
		0C33F9A71B105EC300806839 /* DataProcessor.m */ = {isa = PBXFileReference; fileEncoding = 4; lastKnownFileType = sourcecode.c.objc; path = DataProcessor.m; sourceTree = "<group>"; };
		0C6E8B2F1B0C9ABB00370728 /* iTransfer.app */ = {isa = PBXFileReference; explicitFileType = wrapper.application; includeInIndex = 0; path = iTransfer.app; sourceTree = BUILT_PRODUCTS_DIR; };
		0C6E8B331B0C9ABB00370728 /* Info.plist */ = {isa = PBXFileReference; lastKnownFileType = text.plist.xml; path = Info.plist; sourceTree = "<group>"; };
		0C6E8B341B0C9ABB00370728 /* main.m */ = {isa = PBXFileReference; lastKnownFileType = sourcecode.c.objc; path = main.m; sourceTree = "<group>"; };
		0C6E8B361B0C9ABB00370728 /* AppDelegate.h */ = {isa = PBXFileReference; lastKnownFileType = sourcecode.c.h; path = AppDelegate.h; sourceTree = "<group>"; };
		0C6E8B371B0C9ABB00370728 /* AppDelegate.m */ = {isa = PBXFileReference; lastKnownFileType = sourcecode.c.objc; path = AppDelegate.m; sourceTree = "<group>"; };
		0C6E8B391B0C9ABB00370728 /* TransferViewController.h */ = {isa = PBXFileReference; lastKnownFileType = sourcecode.c.h; path = TransferViewController.h; sourceTree = "<group>"; };
		0C6E8B3A1B0C9ABB00370728 /* TransferViewController.m */ = {isa = PBXFileReference; lastKnownFileType = sourcecode.c.objc; path = TransferViewController.m; sourceTree = "<group>"; };
		0C6E8B3D1B0C9ABB00370728 /* Base */ = {isa = PBXFileReference; lastKnownFileType = file.storyboard; name = Base; path = Base.lproj/Main.storyboard; sourceTree = "<group>"; };
		0C6E8B3F1B0C9ABB00370728 /* Images.xcassets */ = {isa = PBXFileReference; lastKnownFileType = folder.assetcatalog; path = Images.xcassets; sourceTree = "<group>"; };
		0C6E8B421B0C9ABB00370728 /* Base */ = {isa = PBXFileReference; lastKnownFileType = file.xib; name = Base; path = Base.lproj/LaunchScreen.xib; sourceTree = "<group>"; };
		0C6E8B481B0C9ABB00370728 /* iTransferTests.xctest */ = {isa = PBXFileReference; explicitFileType = wrapper.cfbundle; includeInIndex = 0; path = iTransferTests.xctest; sourceTree = BUILT_PRODUCTS_DIR; };
		0C6E8B4D1B0C9ABB00370728 /* Info.plist */ = {isa = PBXFileReference; lastKnownFileType = text.plist.xml; path = Info.plist; sourceTree = "<group>"; };
		0C6E8B4E1B0C9ABB00370728 /* iTransferTests.m */ = {isa = PBXFileReference; lastKnownFileType = sourcecode.c.objc; path = iTransferTests.m; sourceTree = "<group>"; };
		0C6E8B581B0C9C6C00370728 /* UDPProtocol.h */ = {isa = PBXFileReference; fileEncoding = 4; lastKnownFileType = sourcecode.c.h; path = UDPProtocol.h; sourceTree = "<group>"; };
		0C6E8B591B0C9C6C00370728 /* UDPProtocol.mm */ = {isa = PBXFileReference; fileEncoding = 4; lastKnownFileType = sourcecode.cpp.objcpp; path = UDPProtocol.mm; sourceTree = "<group>"; };
		0C6E8B5B1B0C9D2100370728 /* CFNetwork.framework */ = {isa = PBXFileReference; lastKnownFileType = wrapper.framework; name = CFNetwork.framework; path = System/Library/Frameworks/CFNetwork.framework; sourceTree = SDKROOT; };
		0C6E8B5D1B0CA11E00370728 /* CoreFoundation.framework */ = {isa = PBXFileReference; lastKnownFileType = wrapper.framework; name = CoreFoundation.framework; path = System/Library/Frameworks/CoreFoundation.framework; sourceTree = SDKROOT; };
		0CA0FEB81B24608100E3E25D /* Foundation.framework */ = {isa = PBXFileReference; lastKnownFileType = wrapper.framework; name = Foundation.framework; path = System/Library/Frameworks/Foundation.framework; sourceTree = SDKROOT; };
		0CA0FEBA1B24608B00E3E25D /* UIKit.framework */ = {isa = PBXFileReference; lastKnownFileType = wrapper.framework; name = UIKit.framework; path = System/Library/Frameworks/UIKit.framework; sourceTree = SDKROOT; };
		0CA0FEBC1B24609700E3E25D /* CoreGraphics.framework */ = {isa = PBXFileReference; lastKnownFileType = wrapper.framework; name = CoreGraphics.framework; path = System/Library/Frameworks/CoreGraphics.framework; sourceTree = SDKROOT; };
		0CCD6EDB1B106394006E6BA4 /* StatusAsyncManager.h */ = {isa = PBXFileReference; fileEncoding = 4; lastKnownFileType = sourcecode.c.h; path = StatusAsyncManager.h; sourceTree = "<group>"; };
		0CCD6EDC1B106394006E6BA4 /* StatusAsyncManager.m */ = {isa = PBXFileReference; fileEncoding = 4; lastKnownFileType = sourcecode.c.objc; path = StatusAsyncManager.m; sourceTree = "<group>"; };
		0CCD6EDE1B1065C0006E6BA4 /* DataAsyncManager.h */ = {isa = PBXFileReference; fileEncoding = 4; lastKnownFileType = sourcecode.c.h; path = DataAsyncManager.h; sourceTree = "<group>"; };
		0CCD6EDF1B1065C0006E6BA4 /* DataAsyncManager.m */ = {isa = PBXFileReference; fileEncoding = 4; lastKnownFileType = sourcecode.c.objc; path = DataAsyncManager.m; sourceTree = "<group>"; };
		0CCD6EE11B10749F006E6BA4 /* User.h */ = {isa = PBXFileReference; fileEncoding = 4; lastKnownFileType = sourcecode.c.h; path = User.h; sourceTree = "<group>"; };
		0CCD6EE21B10749F006E6BA4 /* User.m */ = {isa = PBXFileReference; fileEncoding = 4; lastKnownFileType = sourcecode.c.objc; path = User.m; sourceTree = "<group>"; };
		0CEE6D161B0DE7A2001FD876 /* MainViewController.h */ = {isa = PBXFileReference; fileEncoding = 4; lastKnownFileType = sourcecode.c.h; path = MainViewController.h; sourceTree = "<group>"; };
		0CEE6D171B0DE7A2001FD876 /* MainViewController.m */ = {isa = PBXFileReference; fileEncoding = 4; lastKnownFileType = sourcecode.c.objc; path = MainViewController.m; sourceTree = "<group>"; };
/* End PBXFileReference section */

/* Begin PBXFrameworksBuildPhase section */
		0C6E8B2C1B0C9ABB00370728 /* Frameworks */ = {
			isa = PBXFrameworksBuildPhase;
			buildActionMask = 2147483647;
			files = (
				0CA0FEBD1B24609700E3E25D /* CoreGraphics.framework in Frameworks */,
				0CA0FEBB1B24608B00E3E25D /* UIKit.framework in Frameworks */,
				0CA0FEB91B24608100E3E25D /* Foundation.framework in Frameworks */,
				0C6E8B5E1B0CA11E00370728 /* CoreFoundation.framework in Frameworks */,
				0C6E8B5C1B0C9D2100370728 /* CFNetwork.framework in Frameworks */,
			);
			runOnlyForDeploymentPostprocessing = 0;
		};
		0C6E8B451B0C9ABB00370728 /* Frameworks */ = {
			isa = PBXFrameworksBuildPhase;
			buildActionMask = 2147483647;
			files = (
			);
			runOnlyForDeploymentPostprocessing = 0;
		};
/* End PBXFrameworksBuildPhase section */

/* Begin PBXGroup section */
		0C6E8B261B0C9ABB00370728 = {
			isa = PBXGroup;
			children = (
				0CA0FEBC1B24609700E3E25D /* CoreGraphics.framework */,
				0CA0FEBA1B24608B00E3E25D /* UIKit.framework */,
				0CA0FEB81B24608100E3E25D /* Foundation.framework */,
				0C6E8B5D1B0CA11E00370728 /* CoreFoundation.framework */,
				0C6E8B5B1B0C9D2100370728 /* CFNetwork.framework */,
				0C6E8B311B0C9ABB00370728 /* iTransfer */,
				0C6E8B4B1B0C9ABB00370728 /* iTransferTests */,
				0C6E8B301B0C9ABB00370728 /* Products */,
			);
			sourceTree = "<group>";
		};
		0C6E8B301B0C9ABB00370728 /* Products */ = {
			isa = PBXGroup;
			children = (
				0C6E8B2F1B0C9ABB00370728 /* iTransfer.app */,
				0C6E8B481B0C9ABB00370728 /* iTransferTests.xctest */,
			);
			name = Products;
			sourceTree = "<group>";
		};
		0C6E8B311B0C9ABB00370728 /* iTransfer */ = {
			isa = PBXGroup;
			children = (
				0C6E8B361B0C9ABB00370728 /* AppDelegate.h */,
				0C6E8B371B0C9ABB00370728 /* AppDelegate.m */,
				0C6E8B391B0C9ABB00370728 /* TransferViewController.h */,
				0C6E8B3A1B0C9ABB00370728 /* TransferViewController.m */,
				0C6E8B3C1B0C9ABB00370728 /* Main.storyboard */,
				0C6E8B3F1B0C9ABB00370728 /* Images.xcassets */,
				0C6E8B411B0C9ABB00370728 /* LaunchScreen.xib */,
				0C6E8B321B0C9ABB00370728 /* Supporting Files */,
				0C6E8B581B0C9C6C00370728 /* UDPProtocol.h */,
				0C6E8B591B0C9C6C00370728 /* UDPProtocol.mm */,
				0CEE6D161B0DE7A2001FD876 /* MainViewController.h */,
				0CEE6D171B0DE7A2001FD876 /* MainViewController.m */,
				0C054CBA1B104C3000B2A6E6 /* DataFormat.h */,
				0C054CBB1B104C3000B2A6E6 /* DataFormat.mm */,
				0C33F9A61B105EC300806839 /* DataProcessor.h */,
				0C33F9A71B105EC300806839 /* DataProcessor.m */,
				0CCD6EDB1B106394006E6BA4 /* StatusAsyncManager.h */,
				0CCD6EDC1B106394006E6BA4 /* StatusAsyncManager.m */,
				0CCD6EDE1B1065C0006E6BA4 /* DataAsyncManager.h */,
				0CCD6EDF1B1065C0006E6BA4 /* DataAsyncManager.m */,
				0CCD6EE11B10749F006E6BA4 /* User.h */,
				0CCD6EE21B10749F006E6BA4 /* User.m */,
			);
			path = iTransfer;
			sourceTree = "<group>";
		};
		0C6E8B321B0C9ABB00370728 /* Supporting Files */ = {
			isa = PBXGroup;
			children = (
				0C6E8B331B0C9ABB00370728 /* Info.plist */,
				0C6E8B341B0C9ABB00370728 /* main.m */,
			);
			name = "Supporting Files";
			sourceTree = "<group>";
		};
		0C6E8B4B1B0C9ABB00370728 /* iTransferTests */ = {
			isa = PBXGroup;
			children = (
				0C6E8B4E1B0C9ABB00370728 /* iTransferTests.m */,
				0C6E8B4C1B0C9ABB00370728 /* Supporting Files */,
			);
			path = iTransferTests;
			sourceTree = "<group>";
		};
		0C6E8B4C1B0C9ABB00370728 /* Supporting Files */ = {
			isa = PBXGroup;
			children = (
				0C6E8B4D1B0C9ABB00370728 /* Info.plist */,
			);
			name = "Supporting Files";
			sourceTree = "<group>";
		};
/* End PBXGroup section */

/* Begin PBXNativeTarget section */
		0C6E8B2E1B0C9ABB00370728 /* iTransfer */ = {
			isa = PBXNativeTarget;
			buildConfigurationList = 0C6E8B521B0C9ABB00370728 /* Build configuration list for PBXNativeTarget "iTransfer" */;
			buildPhases = (
				0C6E8B2B1B0C9ABB00370728 /* Sources */,
				0C6E8B2C1B0C9ABB00370728 /* Frameworks */,
				0C6E8B2D1B0C9ABB00370728 /* Resources */,
			);
			buildRules = (
			);
			dependencies = (
			);
			name = iTransfer;
			productName = iTransfer;
			productReference = 0C6E8B2F1B0C9ABB00370728 /* iTransfer.app */;
			productType = "com.apple.product-type.application";
		};
		0C6E8B471B0C9ABB00370728 /* iTransferTests */ = {
			isa = PBXNativeTarget;
			buildConfigurationList = 0C6E8B551B0C9ABB00370728 /* Build configuration list for PBXNativeTarget "iTransferTests" */;
			buildPhases = (
				0C6E8B441B0C9ABB00370728 /* Sources */,
				0C6E8B451B0C9ABB00370728 /* Frameworks */,
				0C6E8B461B0C9ABB00370728 /* Resources */,
			);
			buildRules = (
			);
			dependencies = (
				0C6E8B4A1B0C9ABB00370728 /* PBXTargetDependency */,
			);
			name = iTransferTests;
			productName = iTransferTests;
			productReference = 0C6E8B481B0C9ABB00370728 /* iTransferTests.xctest */;
			productType = "com.apple.product-type.bundle.unit-test";
		};
/* End PBXNativeTarget section */

/* Begin PBXProject section */
		0C6E8B271B0C9ABB00370728 /* Project object */ = {
			isa = PBXProject;
			attributes = {
				LastUpgradeCheck = 0610;
				ORGANIZATIONNAME = Mamunul;
				TargetAttributes = {
					0C6E8B2E1B0C9ABB00370728 = {
						CreatedOnToolsVersion = 6.1.1;
					};
					0C6E8B471B0C9ABB00370728 = {
						CreatedOnToolsVersion = 6.1.1;
						TestTargetID = 0C6E8B2E1B0C9ABB00370728;
					};
				};
			};
			buildConfigurationList = 0C6E8B2A1B0C9ABB00370728 /* Build configuration list for PBXProject "iTransfer" */;
			compatibilityVersion = "Xcode 3.2";
			developmentRegion = English;
			hasScannedForEncodings = 0;
			knownRegions = (
				en,
				Base,
			);
			mainGroup = 0C6E8B261B0C9ABB00370728;
			productRefGroup = 0C6E8B301B0C9ABB00370728 /* Products */;
			projectDirPath = "";
			projectRoot = "";
			targets = (
				0C6E8B2E1B0C9ABB00370728 /* iTransfer */,
				0C6E8B471B0C9ABB00370728 /* iTransferTests */,
			);
		};
/* End PBXProject section */

/* Begin PBXResourcesBuildPhase section */
		0C6E8B2D1B0C9ABB00370728 /* Resources */ = {
			isa = PBXResourcesBuildPhase;
			buildActionMask = 2147483647;
			files = (
				0C6E8B3E1B0C9ABB00370728 /* Main.storyboard in Resources */,
				0C6E8B431B0C9ABB00370728 /* LaunchScreen.xib in Resources */,
				0C6E8B401B0C9ABB00370728 /* Images.xcassets in Resources */,
			);
			runOnlyForDeploymentPostprocessing = 0;
		};
		0C6E8B461B0C9ABB00370728 /* Resources */ = {
			isa = PBXResourcesBuildPhase;
			buildActionMask = 2147483647;
			files = (
			);
			runOnlyForDeploymentPostprocessing = 0;
		};
/* End PBXResourcesBuildPhase section */

/* Begin PBXSourcesBuildPhase section */
		0C6E8B2B1B0C9ABB00370728 /* Sources */ = {
			isa = PBXSourcesBuildPhase;
			buildActionMask = 2147483647;
			files = (
				0CCD6EE31B10749F006E6BA4 /* User.m in Sources */,
				0C6E8B3B1B0C9ABB00370728 /* TransferViewController.m in Sources */,
				0C33F9A81B105EC300806839 /* DataProcessor.m in Sources */,
				0CCD6EDD1B106394006E6BA4 /* StatusAsyncManager.m in Sources */,
				0C6E8B381B0C9ABB00370728 /* AppDelegate.m in Sources */,
				0CCD6EE01B1065C0006E6BA4 /* DataAsyncManager.m in Sources */,
				0C6E8B351B0C9ABB00370728 /* main.m in Sources */,
				0CEE6D181B0DE7A2001FD876 /* MainViewController.m in Sources */,
				0C054CBC1B104C3000B2A6E6 /* DataFormat.mm in Sources */,
				0C6E8B5A1B0C9C6C00370728 /* UDPProtocol.mm in Sources */,
			);
			runOnlyForDeploymentPostprocessing = 0;
		};
		0C6E8B441B0C9ABB00370728 /* Sources */ = {
			isa = PBXSourcesBuildPhase;
			buildActionMask = 2147483647;
			files = (
				0C6E8B4F1B0C9ABB00370728 /* iTransferTests.m in Sources */,
			);
			runOnlyForDeploymentPostprocessing = 0;
		};
/* End PBXSourcesBuildPhase section */

/* Begin PBXTargetDependency section */
		0C6E8B4A1B0C9ABB00370728 /* PBXTargetDependency */ = {
			isa = PBXTargetDependency;
			target = 0C6E8B2E1B0C9ABB00370728 /* iTransfer */;
			targetProxy = 0C6E8B491B0C9ABB00370728 /* PBXContainerItemProxy */;
		};
/* End PBXTargetDependency section */

/* Begin PBXVariantGroup section */
		0C6E8B3C1B0C9ABB00370728 /* Main.storyboard */ = {
			isa = PBXVariantGroup;
			children = (
				0C6E8B3D1B0C9ABB00370728 /* Base */,
			);
			name = Main.storyboard;
			sourceTree = "<group>";
		};
		0C6E8B411B0C9ABB00370728 /* LaunchScreen.xib */ = {
			isa = PBXVariantGroup;
			children = (
				0C6E8B421B0C9ABB00370728 /* Base */,
			);
			name = LaunchScreen.xib;
			sourceTree = "<group>";
		};
/* End PBXVariantGroup section */

/* Begin XCBuildConfiguration section */
		0C6E8B501B0C9ABB00370728 /* Debug */ = {
			isa = XCBuildConfiguration;
			buildSettings = {
				ALWAYS_SEARCH_USER_PATHS = NO;
				CLANG_CXX_LANGUAGE_STANDARD = "gnu++0x";
				CLANG_CXX_LIBRARY = "libc++";
				CLANG_ENABLE_MODULES = YES;
				CLANG_ENABLE_OBJC_ARC = YES;
				CLANG_WARN_BOOL_CONVERSION = YES;
				CLANG_WARN_CONSTANT_CONVERSION = YES;
				CLANG_WARN_DIRECT_OBJC_ISA_USAGE = YES_ERROR;
				CLANG_WARN_EMPTY_BODY = YES;
				CLANG_WARN_ENUM_CONVERSION = YES;
				CLANG_WARN_INT_CONVERSION = YES;
				CLANG_WARN_OBJC_ROOT_CLASS = YES_ERROR;
				CLANG_WARN_UNREACHABLE_CODE = YES;
				CLANG_WARN__DUPLICATE_METHOD_MATCH = YES;
				"CODE_SIGN_IDENTITY[sdk=iphoneos*]" = "iPhone Developer";
				COPY_PHASE_STRIP = NO;
				ENABLE_STRICT_OBJC_MSGSEND = YES;
				GCC_C_LANGUAGE_STANDARD = gnu99;
				GCC_DYNAMIC_NO_PIC = NO;
				GCC_OPTIMIZATION_LEVEL = 0;
				GCC_PREPROCESSOR_DEFINITIONS = (
					"DEBUG=1",
					"$(inherited)",
				);
				GCC_SYMBOLS_PRIVATE_EXTERN = NO;
				GCC_WARN_64_TO_32_BIT_CONVERSION = YES;
				GCC_WARN_ABOUT_RETURN_TYPE = YES_ERROR;
				GCC_WARN_UNDECLARED_SELECTOR = YES;
				GCC_WARN_UNINITIALIZED_AUTOS = YES_AGGRESSIVE;
				GCC_WARN_UNUSED_FUNCTION = YES;
				GCC_WARN_UNUSED_VARIABLE = YES;
				IPHONEOS_DEPLOYMENT_TARGET = 8.1;
				MTL_ENABLE_DEBUG_INFO = YES;
				ONLY_ACTIVE_ARCH = YES;
				SDKROOT = iphoneos;
				TARGETED_DEVICE_FAMILY = "1,2";
			};
			name = Debug;
		};
		0C6E8B511B0C9ABB00370728 /* Release */ = {
			isa = XCBuildConfiguration;
			buildSettings = {
				ALWAYS_SEARCH_USER_PATHS = NO;
				CLANG_CXX_LANGUAGE_STANDARD = "gnu++0x";
				CLANG_CXX_LIBRARY = "libc++";
				CLANG_ENABLE_MODULES = YES;
				CLANG_ENABLE_OBJC_ARC = YES;
				CLANG_WARN_BOOL_CONVERSION = YES;
				CLANG_WARN_CONSTANT_CONVERSION = YES;
				CLANG_WARN_DIRECT_OBJC_ISA_USAGE = YES_ERROR;
				CLANG_WARN_EMPTY_BODY = YES;
				CLANG_WARN_ENUM_CONVERSION = YES;
				CLANG_WARN_INT_CONVERSION = YES;
				CLANG_WARN_OBJC_ROOT_CLASS = YES_ERROR;
				CLANG_WARN_UNREACHABLE_CODE = YES;
				CLANG_WARN__DUPLICATE_METHOD_MATCH = YES;
				"CODE_SIGN_IDENTITY[sdk=iphoneos*]" = "iPhone Developer";
				COPY_PHASE_STRIP = YES;
				ENABLE_NS_ASSERTIONS = NO;
				ENABLE_STRICT_OBJC_MSGSEND = YES;
				GCC_C_LANGUAGE_STANDARD = gnu99;
				GCC_WARN_64_TO_32_BIT_CONVERSION = YES;
				GCC_WARN_ABOUT_RETURN_TYPE = YES_ERROR;
				GCC_WARN_UNDECLARED_SELECTOR = YES;
				GCC_WARN_UNINITIALIZED_AUTOS = YES_AGGRESSIVE;
				GCC_WARN_UNUSED_FUNCTION = YES;
				GCC_WARN_UNUSED_VARIABLE = YES;
				IPHONEOS_DEPLOYMENT_TARGET = 8.1;
				MTL_ENABLE_DEBUG_INFO = NO;
				SDKROOT = iphoneos;
				TARGETED_DEVICE_FAMILY = "1,2";
				VALIDATE_PRODUCT = YES;
			};
			name = Release;
		};
		0C6E8B531B0C9ABB00370728 /* Debug */ = {
			isa = XCBuildConfiguration;
			buildSettings = {
				ASSETCATALOG_COMPILER_APPICON_NAME = AppIcon;
				INFOPLIST_FILE = iTransfer/Info.plist;
				IPHONEOS_DEPLOYMENT_TARGET = 7.0;
				LD_RUNPATH_SEARCH_PATHS = "$(inherited) @executable_path/Frameworks";
				PRODUCT_NAME = "$(TARGET_NAME)";
			};
			name = Debug;
		};
		0C6E8B541B0C9ABB00370728 /* Release */ = {
			isa = XCBuildConfiguration;
			buildSettings = {
				ASSETCATALOG_COMPILER_APPICON_NAME = AppIcon;
				INFOPLIST_FILE = iTransfer/Info.plist;
				IPHONEOS_DEPLOYMENT_TARGET = 7.0;
				LD_RUNPATH_SEARCH_PATHS = "$(inherited) @executable_path/Frameworks";
				PRODUCT_NAME = "$(TARGET_NAME)";
			};
			name = Release;
		};
		0C6E8B561B0C9ABB00370728 /* Debug */ = {
			isa = XCBuildConfiguration;
			buildSettings = {
				BUNDLE_LOADER = "$(TEST_HOST)";
				FRAMEWORK_SEARCH_PATHS = (
					"$(SDKROOT)/Developer/Library/Frameworks",
					"$(inherited)",
				);
				GCC_PREPROCESSOR_DEFINITIONS = (
					"DEBUG=1",
					"$(inherited)",
				);
				INFOPLIST_FILE = iTransferTests/Info.plist;
				LD_RUNPATH_SEARCH_PATHS = "$(inherited) @executable_path/Frameworks @loader_path/Frameworks";
				PRODUCT_NAME = "$(TARGET_NAME)";
				TEST_HOST = "$(BUILT_PRODUCTS_DIR)/iTransfer.app/iTransfer";
			};
			name = Debug;
		};
		0C6E8B571B0C9ABB00370728 /* Release */ = {
			isa = XCBuildConfiguration;
			buildSettings = {
				BUNDLE_LOADER = "$(TEST_HOST)";
				FRAMEWORK_SEARCH_PATHS = (
					"$(SDKROOT)/Developer/Library/Frameworks",
					"$(inherited)",
				);
				INFOPLIST_FILE = iTransferTests/Info.plist;
				LD_RUNPATH_SEARCH_PATHS = "$(inherited) @executable_path/Frameworks @loader_path/Frameworks";
				PRODUCT_NAME = "$(TARGET_NAME)";
				TEST_HOST = "$(BUILT_PRODUCTS_DIR)/iTransfer.app/iTransfer";
			};
			name = Release;
		};
/* End XCBuildConfiguration section */

/* Begin XCConfigurationList section */
		0C6E8B2A1B0C9ABB00370728 /* Build configuration list for PBXProject "iTransfer" */ = {
			isa = XCConfigurationList;
			buildConfigurations = (
				0C6E8B501B0C9ABB00370728 /* Debug */,
				0C6E8B511B0C9ABB00370728 /* Release */,
			);
			defaultConfigurationIsVisible = 0;
			defaultConfigurationName = Release;
		};
		0C6E8B521B0C9ABB00370728 /* Build configuration list for PBXNativeTarget "iTransfer" */ = {
			isa = XCConfigurationList;
			buildConfigurations = (
				0C6E8B531B0C9ABB00370728 /* Debug */,
				0C6E8B541B0C9ABB00370728 /* Release */,
			);
			defaultConfigurationIsVisible = 0;
			defaultConfigurationName = Release;
		};
		0C6E8B551B0C9ABB00370728 /* Build configuration list for PBXNativeTarget "iTransferTests" */ = {
			isa = XCConfigurationList;
			buildConfigurations = (
				0C6E8B561B0C9ABB00370728 /* Debug */,
				0C6E8B571B0C9ABB00370728 /* Release */,
			);
			defaultConfigurationIsVisible = 0;
			defaultConfigurationName = Release;
		};
/* End XCConfigurationList section */
	};
	rootObject = 0C6E8B271B0C9ABB00370728 /* Project object */;
}
